
Microsoft Visual Studio Solution File, Format Version 12.00
# Visual Studio Version 16
VisualStudioVersion = 25.0.1706.4
MinimumVisualStudioVersion = 10.0.40219.1
Project("{FAE04EC0-301F-11D3-BF4B-00C04F79EFBC}") = "Classroom_Assignments", "Classroom_Assignments\Classroom_Assignments.csproj", "{9E7EC0BB-4677-4769-A47A-0EF2FDF8981B}"
EndProject
Global
	GlobalSection(SolutionConfigurationPlatforms) = preSolution
		Debug|Any CPU = Debug|Any CPU
		Release|Any CPU = Release|Any CPU
	EndGlobalSection
	GlobalSection(ProjectConfigurationPlatforms) = postSolution
		{9E7EC0BB-4677-4769-A47A-0EF2FDF8981B}.Debug|Any CPU.ActiveCfg = Debug|Any CPU
		{9E7EC0BB-4677-4769-A47A-0EF2FDF8981B}.Debug|Any CPU.Build.0 = Debug|Any CPU
		{9E7EC0BB-4677-4769-A47A-0EF2FDF8981B}.Release|Any CPU.ActiveCfg = Release|Any CPU
		{9E7EC0BB-4677-4769-A47A-0EF2FDF8981B}.Release|Any CPU.Build.0 = Release|Any CPU
	EndGlobalSection
	GlobalSection(SolutionProperties) = preSolution
		HideSolutionNode = FALSE
	EndGlobalSection
	GlobalSection(ExtensibilityGlobals) = postSolution
		SolutionGuid = {7F982A8F-58FA-4C3F-9270-0787129D3A61}
	EndGlobalSection
EndGlobal
